
Microsoft Visual Studio Solution File, Format Version 12.00
# Visual Studio Version 17
VisualStudioVersion = 17.0.31903.59
MinimumVisualStudioVersion = 10.0.40219.1
Project("{FAE04EC0-301F-11D3-BF4B-00C04F79EFBC}") = "Domain", "Domain\Domain.csproj", "{B475BF85-1C27-42F1-A86D-F9F1EEB3F42B}"
EndProject
Project("{FAE04EC0-301F-11D3-BF4B-00C04F79EFBC}") = "Infrastructure", "Infrastructure\Infrastructure.csproj", "{FCA57BEE-E4A2-471F-A2C8-05BB6A7F3A6B}"
EndProject
Project("{FAE04EC0-301F-11D3-BF4B-00C04F79EFBC}") = "WebApi", "WebApi\WebApi.csproj", "{EFB08526-9C15-45E1-9A68-4E86C9E13F55}"
EndProject
Global
	GlobalSection(SolutionConfigurationPlatforms) = preSolution
		Debug|Any CPU = Debug|Any CPU
		Release|Any CPU = Release|Any CPU
	EndGlobalSection
	GlobalSection(SolutionProperties) = preSolution
		HideSolutionNode = FALSE
	EndGlobalSection
	GlobalSection(ProjectConfigurationPlatforms) = postSolution
		{B475BF85-1C27-42F1-A86D-F9F1EEB3F42B}.Debug|Any CPU.ActiveCfg = Debug|Any CPU
		{B475BF85-1C27-42F1-A86D-F9F1EEB3F42B}.Debug|Any CPU.Build.0 = Debug|Any CPU
		{B475BF85-1C27-42F1-A86D-F9F1EEB3F42B}.Release|Any CPU.ActiveCfg = Release|Any CPU
		{B475BF85-1C27-42F1-A86D-F9F1EEB3F42B}.Release|Any CPU.Build.0 = Release|Any CPU
		{FCA57BEE-E4A2-471F-A2C8-05BB6A7F3A6B}.Debug|Any CPU.ActiveCfg = Debug|Any CPU
		{FCA57BEE-E4A2-471F-A2C8-05BB6A7F3A6B}.Debug|Any CPU.Build.0 = Debug|Any CPU
		{FCA57BEE-E4A2-471F-A2C8-05BB6A7F3A6B}.Release|Any CPU.ActiveCfg = Release|Any CPU
		{FCA57BEE-E4A2-471F-A2C8-05BB6A7F3A6B}.Release|Any CPU.Build.0 = Release|Any CPU
		{EFB08526-9C15-45E1-9A68-4E86C9E13F55}.Debug|Any CPU.ActiveCfg = Debug|Any CPU
		{EFB08526-9C15-45E1-9A68-4E86C9E13F55}.Debug|Any CPU.Build.0 = Debug|Any CPU
		{EFB08526-9C15-45E1-9A68-4E86C9E13F55}.Release|Any CPU.ActiveCfg = Release|Any CPU
		{EFB08526-9C15-45E1-9A68-4E86C9E13F55}.Release|Any CPU.Build.0 = Release|Any CPU
	EndGlobalSection
EndGlobal
